#MicroXplorer Configuration settings - do not modify
FREERTOS.IPParameters=Tasks01
FREERTOS.Tasks01=defaultTask,0,128,StartDefaultTask
File.Version=5
KeepUserPlacement=false
Mcu.Family=STM32F4
Mcu.IP0=FREERTOS
Mcu.IP1=NVIC
Mcu.IP2=RCC
Mcu.IP3=USB_OTG_HS
Mcu.IPNb=4
Mcu.Name=STM32F429Z(E-G-I)Tx
Mcu.Package=LQFP144
Mcu.Pin0=PA4
Mcu.Pin1=PB13
Mcu.Pin2=PB14
Mcu.Pin3=PB15
Mcu.Pin4=VP_FREERTOS_VS_ENABLE
Mcu.PinsNb=5
Mcu.UserConstants=
Mcu.UserName=STM32F429ZITx
MxCube.Version=4.12.0
MxDb.Version=DB.4.0.120
NVIC.PriorityGroup=NVIC_PRIORITYGROUP_4
NVIC.SysTick_IRQn=true\:15\:0\:false
PA4.Mode=Activate_SOF_FS
PA4.Signal=USB_OTG_HS_SOF
PB13.Mode=Activate_VBUS_FS
PB13.Signal=USB_OTG_HS_VBUS
PB14.Mode=Device_Only_FS
PB14.Signal=USB_OTG_HS_DM
PB15.Mode=Device_Only_FS
PB15.Signal=USB_OTG_HS_DP
PCC.Checker=false
PCC.Line=STM32F429/439
PCC.MCU=STM32F429Z(E-G-I)Tx
PCC.MXVersion=4.12.0
PCC.PartNumber=STM32F429ZITx
PCC.Seq0=0
PCC.Series=STM32F4
PCC.Temperature=25
PCC.Vdd=null
RCC.AHBFreq_Value=16000000
RCC.APB1Freq_Value=16000000
RCC.APB2Freq_Value=16000000
RCC.CortexFreq_Value=16000000
RCC.FamilyName=M
RCC.HSE_VALUE=25000000
RCC.HSI_VALUE=16000000
RCC.I2SClocksFreq_Value=96000000
RCC.IPParameters=FamilyName,LSI_VALUE,HSI_VALUE,SYSCLKFreq_VALUE,AHBFreq_Value,CortexFreq_Value,APB1Freq_Value,APB2Freq_Value,HSE_VALUE,RTCHSEDivFreq_Value,LSE_VALUE,RTCFreq_Value,VCOInputFreq_Value,VCOSAIOutputFreq_Value,VCOSAIOutputFreq_ValueR,VCOSAIOutputFreq_ValueQ,VCOOutputFreq_Value,PLLCLKFreq_Value,PLLQCLKFreq_Value,VCOI2SOutputFreq_Value,VcooutputI2S,I2SClocksFreq_Value,VcooutputI2SQ,PLLSourceVirtualString
RCC.LSE_VALUE=32768
RCC.LSI_VALUE=32000
RCC.PLLCLKFreq_Value=96000000
RCC.PLLQCLKFreq_Value=48000000
RCC.PLLSourceVirtualString=RCC_PLLSOURCE_HSI
RCC.RTCFreq_Value=32000
RCC.RTCHSEDivFreq_Value=12500000
RCC.SYSCLKFreq_VALUE=16000000
RCC.VCOI2SOutputFreq_Value=192000000
RCC.VCOInputFreq_Value=1000000
RCC.VCOOutputFreq_Value=192000000
RCC.VCOSAIOutputFreq_Value=49000000
RCC.VCOSAIOutputFreq_ValueQ=12250000
RCC.VCOSAIOutputFreq_ValueR=24500000
RCC.VcooutputI2S=96000000
RCC.VcooutputI2SQ=96000000
USB_OTG_HS.IPParameters=VirtualMode-Device_Only_FS
USB_OTG_HS.VirtualMode-Device_Only_FS=Device_Only_FS
VP_FREERTOS_VS_ENABLE.Mode=Enabled
VP_FREERTOS_VS_ENABLE.Signal=FREERTOS_VS_ENABLE
